
Microsoft Visual Studio Solution File, Format Version 12.00
# Visual Studio Express 2013 for Windows
VisualStudioVersion = 12.0.31101.0
MinimumVisualStudioVersion = 10.0.40219.1
Project("{FAE04EC0-301F-11D3-BF4B-00C04F79EFBC}") = "VectorShooter", "VectorShooter\VectorShooter.csproj", "{A117DCBE-44B2-465B-B0DE-C9A81B475789}"
EndProject
Project("{FAE04EC0-301F-11D3-BF4B-00C04F79EFBC}") = "FarSeerPort81", "..\TimeToLive\FarSeerPort81\FarSeerPort81.csproj", "{76FB88CC-E770-4E58-87D7-AC4022F7D05E}"
EndProject
Project("{FAE04EC0-301F-11D3-BF4B-00C04F79EFBC}") = "MonoGame.Framework.WindowsPhone81", "Z:\GIT\MonoGameDevelop2\MonoGame.Framework\MonoGame.Framework.WindowsPhone81.csproj", "{6522B7E9-25A5-4250-B164-42CC2C4ECCAD}"
EndProject
Global
	GlobalSection(SolutionConfigurationPlatforms) = preSolution
		Debug|Any CPU = Debug|Any CPU
		Debug|ARM = Debug|ARM
		Debug|Mixed Platforms = Debug|Mixed Platforms
		Debug|x86 = Debug|x86
		Release|Any CPU = Release|Any CPU
		Release|ARM = Release|ARM
		Release|Mixed Platforms = Release|Mixed Platforms
		Release|x86 = Release|x86
	EndGlobalSection
	GlobalSection(ProjectConfigurationPlatforms) = postSolution
		{A117DCBE-44B2-465B-B0DE-C9A81B475789}.Debug|Any CPU.ActiveCfg = Debug|Any CPU
		{A117DCBE-44B2-465B-B0DE-C9A81B475789}.Debug|Any CPU.Build.0 = Debug|Any CPU
		{A117DCBE-44B2-465B-B0DE-C9A81B475789}.Debug|Any CPU.Deploy.0 = Debug|Any CPU
		{A117DCBE-44B2-465B-B0DE-C9A81B475789}.Debug|ARM.ActiveCfg = Debug|ARM
		{A117DCBE-44B2-465B-B0DE-C9A81B475789}.Debug|ARM.Build.0 = Debug|ARM
		{A117DCBE-44B2-465B-B0DE-C9A81B475789}.Debug|ARM.Deploy.0 = Debug|ARM
		{A117DCBE-44B2-465B-B0DE-C9A81B475789}.Debug|Mixed Platforms.ActiveCfg = Debug|x86
		{A117DCBE-44B2-465B-B0DE-C9A81B475789}.Debug|Mixed Platforms.Build.0 = Debug|x86
		{A117DCBE-44B2-465B-B0DE-C9A81B475789}.Debug|Mixed Platforms.Deploy.0 = Debug|x86
		{A117DCBE-44B2-465B-B0DE-C9A81B475789}.Debug|x86.ActiveCfg = Debug|x86
		{A117DCBE-44B2-465B-B0DE-C9A81B475789}.Debug|x86.Build.0 = Debug|x86
		{A117DCBE-44B2-465B-B0DE-C9A81B475789}.Debug|x86.Deploy.0 = Debug|x86
		{A117DCBE-44B2-465B-B0DE-C9A81B475789}.Release|Any CPU.ActiveCfg = Release|Any CPU
		{A117DCBE-44B2-465B-B0DE-C9A81B475789}.Release|Any CPU.Build.0 = Release|Any CPU
		{A117DCBE-44B2-465B-B0DE-C9A81B475789}.Release|Any CPU.Deploy.0 = Release|Any CPU
		{A117DCBE-44B2-465B-B0DE-C9A81B475789}.Release|ARM.ActiveCfg = Release|ARM
		{A117DCBE-44B2-465B-B0DE-C9A81B475789}.Release|ARM.Build.0 = Release|ARM
		{A117DCBE-44B2-465B-B0DE-C9A81B475789}.Release|ARM.Deploy.0 = Release|ARM
		{A117DCBE-44B2-465B-B0DE-C9A81B475789}.Release|Mixed Platforms.ActiveCfg = Release|x86
		{A117DCBE-44B2-465B-B0DE-C9A81B475789}.Release|Mixed Platforms.Build.0 = Release|x86
		{A117DCBE-44B2-465B-B0DE-C9A81B475789}.Release|Mixed Platforms.Deploy.0 = Release|x86
		{A117DCBE-44B2-465B-B0DE-C9A81B475789}.Release|x86.ActiveCfg = Release|x86
		{A117DCBE-44B2-465B-B0DE-C9A81B475789}.Release|x86.Build.0 = Release|x86
		{A117DCBE-44B2-465B-B0DE-C9A81B475789}.Release|x86.Deploy.0 = Release|x86
		{76FB88CC-E770-4E58-87D7-AC4022F7D05E}.Debug|Any CPU.ActiveCfg = Debug|Any CPU
		{76FB88CC-E770-4E58-87D7-AC4022F7D05E}.Debug|Any CPU.Build.0 = Debug|Any CPU
		{76FB88CC-E770-4E58-87D7-AC4022F7D05E}.Debug|ARM.ActiveCfg = Debug|ARM
		{76FB88CC-E770-4E58-87D7-AC4022F7D05E}.Debug|ARM.Build.0 = Debug|ARM
		{76FB88CC-E770-4E58-87D7-AC4022F7D05E}.Debug|Mixed Platforms.ActiveCfg = Debug|x86
		{76FB88CC-E770-4E58-87D7-AC4022F7D05E}.Debug|Mixed Platforms.Build.0 = Debug|x86
		{76FB88CC-E770-4E58-87D7-AC4022F7D05E}.Debug|x86.ActiveCfg = Debug|x86
		{76FB88CC-E770-4E58-87D7-AC4022F7D05E}.Debug|x86.Build.0 = Debug|x86
		{76FB88CC-E770-4E58-87D7-AC4022F7D05E}.Release|Any CPU.ActiveCfg = Release|Any CPU
		{76FB88CC-E770-4E58-87D7-AC4022F7D05E}.Release|Any CPU.Build.0 = Release|Any CPU
		{76FB88CC-E770-4E58-87D7-AC4022F7D05E}.Release|ARM.ActiveCfg = Release|ARM
		{76FB88CC-E770-4E58-87D7-AC4022F7D05E}.Release|ARM.Build.0 = Release|ARM
		{76FB88CC-E770-4E58-87D7-AC4022F7D05E}.Release|Mixed Platforms.ActiveCfg = Release|x86
		{76FB88CC-E770-4E58-87D7-AC4022F7D05E}.Release|Mixed Platforms.Build.0 = Release|x86
		{76FB88CC-E770-4E58-87D7-AC4022F7D05E}.Release|x86.ActiveCfg = Release|x86
		{76FB88CC-E770-4E58-87D7-AC4022F7D05E}.Release|x86.Build.0 = Release|x86
		{6522B7E9-25A5-4250-B164-42CC2C4ECCAD}.Debug|Any CPU.ActiveCfg = Debug|Any CPU
		{6522B7E9-25A5-4250-B164-42CC2C4ECCAD}.Debug|Any CPU.Build.0 = Debug|Any CPU
		{6522B7E9-25A5-4250-B164-42CC2C4ECCAD}.Debug|ARM.ActiveCfg = Debug|ARM
		{6522B7E9-25A5-4250-B164-42CC2C4ECCAD}.Debug|ARM.Build.0 = Debug|ARM
		{6522B7E9-25A5-4250-B164-42CC2C4ECCAD}.Debug|Mixed Platforms.ActiveCfg = Debug|Any CPU
		{6522B7E9-25A5-4250-B164-42CC2C4ECCAD}.Debug|Mixed Platforms.Build.0 = Debug|Any CPU
		{6522B7E9-25A5-4250-B164-42CC2C4ECCAD}.Debug|x86.ActiveCfg = Debug|x86
		{6522B7E9-25A5-4250-B164-42CC2C4ECCAD}.Debug|x86.Build.0 = Debug|x86
		{6522B7E9-25A5-4250-B164-42CC2C4ECCAD}.Release|Any CPU.ActiveCfg = Release|Any CPU
		{6522B7E9-25A5-4250-B164-42CC2C4ECCAD}.Release|Any CPU.Build.0 = Release|Any CPU
		{6522B7E9-25A5-4250-B164-42CC2C4ECCAD}.Release|ARM.ActiveCfg = Release|Any CPU
		{6522B7E9-25A5-4250-B164-42CC2C4ECCAD}.Release|Mixed Platforms.ActiveCfg = Release|Any CPU
		{6522B7E9-25A5-4250-B164-42CC2C4ECCAD}.Release|Mixed Platforms.Build.0 = Release|Any CPU
		{6522B7E9-25A5-4250-B164-42CC2C4ECCAD}.Release|x86.ActiveCfg = Release|Any CPU
	EndGlobalSection
	GlobalSection(SolutionProperties) = preSolution
		HideSolutionNode = FALSE
	EndGlobalSection
EndGlobal
